
Microsoft Visual Studio Solution File, Format Version 12.00
Project("{FAE04EC0-301F-11D3-BF4B-00C04F79EFBC}") = "Home_3.API", "Home_3.API\Home_3.API.csproj", "{D49B1D46-5992-434F-ABE5-1F94F946859A}"
EndProject
Project("{FAE04EC0-301F-11D3-BF4B-00C04F79EFBC}") = "Home_3.DAL", "Home_3.DAL\Home_3.DAL.csproj", "{9706007D-02C3-41B8-9CA1-581132093570}"
EndProject
Project("{FAE04EC0-301F-11D3-BF4B-00C04F79EFBC}") = "Home_3.BLL", "Home_3.BLL\Home_3.BLL.csproj", "{B0E751A7-EFB8-4D53-B753-3D9B05FA0B7A}"
EndProject
Global
	GlobalSection(SolutionConfigurationPlatforms) = preSolution
		Debug|Any CPU = Debug|Any CPU
		Release|Any CPU = Release|Any CPU
	EndGlobalSection
	GlobalSection(ProjectConfigurationPlatforms) = postSolution
		{D49B1D46-5992-434F-ABE5-1F94F946859A}.Debug|Any CPU.ActiveCfg = Debug|Any CPU
		{D49B1D46-5992-434F-ABE5-1F94F946859A}.Debug|Any CPU.Build.0 = Debug|Any CPU
		{D49B1D46-5992-434F-ABE5-1F94F946859A}.Release|Any CPU.ActiveCfg = Release|Any CPU
		{D49B1D46-5992-434F-ABE5-1F94F946859A}.Release|Any CPU.Build.0 = Release|Any CPU
		{9706007D-02C3-41B8-9CA1-581132093570}.Debug|Any CPU.ActiveCfg = Debug|Any CPU
		{9706007D-02C3-41B8-9CA1-581132093570}.Debug|Any CPU.Build.0 = Debug|Any CPU
		{9706007D-02C3-41B8-9CA1-581132093570}.Release|Any CPU.ActiveCfg = Release|Any CPU
		{9706007D-02C3-41B8-9CA1-581132093570}.Release|Any CPU.Build.0 = Release|Any CPU
		{B0E751A7-EFB8-4D53-B753-3D9B05FA0B7A}.Debug|Any CPU.ActiveCfg = Debug|Any CPU
		{B0E751A7-EFB8-4D53-B753-3D9B05FA0B7A}.Debug|Any CPU.Build.0 = Debug|Any CPU
		{B0E751A7-EFB8-4D53-B753-3D9B05FA0B7A}.Release|Any CPU.ActiveCfg = Release|Any CPU
		{B0E751A7-EFB8-4D53-B753-3D9B05FA0B7A}.Release|Any CPU.Build.0 = Release|Any CPU
	EndGlobalSection
EndGlobal
